
Microsoft Visual Studio Solution File, Format Version 12.00
# Visual Studio 14
VisualStudioVersion = 14.0.25420.1
MinimumVisualStudioVersion = 10.0.40219.1
Project("{FAE04EC0-301F-11D3-BF4B-00C04F79EFBC}") = "Introduce_To_Algorithm3", "Introduce_To_Algorithm3\Introduce_To_Algorithm3.csproj", "{5608DDAE-D5E8-49D4-8D39-8AFAEC2BF6BC}"
EndProject
Project("{FAE04EC0-301F-11D3-BF4B-00C04F79EFBC}") = "Introduce_To_Algorithm3Tests", "Introduce_To_Algorithm3Tests\Introduce_To_Algorithm3Tests.csproj", "{22C7563B-25E3-4A56-99D2-6EB844A1759A}"
EndProject
Project("{2150E333-8FDC-42A3-9474-1A3956D46DE8}") = ".nuget", ".nuget", "{64152CC5-D0BF-4FB2-9A67-9B14091AA308}"
	ProjectSection(SolutionItems) = preProject
		.nuget\NuGet.Config = .nuget\NuGet.Config
		.nuget\NuGet.exe = .nuget\NuGet.exe
		.nuget\NuGet.targets = .nuget\NuGet.targets
	EndProjectSection
EndProject
Project("{2150E333-8FDC-42A3-9474-1A3956D46DE8}") = "OpenCv", "OpenCv", "{853DF02B-B97C-4737-B7E1-C34A43DFDE42}"
EndProject
Project("{FAE04EC0-301F-11D3-BF4B-00C04F79EFBC}") = "OpenCVConsole", "OpenCVConsole\OpenCVConsole.csproj", "{303E2CE2-C7B4-4765-B404-51F3D63891EC}"
EndProject
Project("{FAE04EC0-301F-11D3-BF4B-00C04F79EFBC}") = "AforgeNetConsole", "AforgeNetConsole\AforgeNetConsole.csproj", "{708E25B0-B379-499D-947E-35CA95E3B68A}"
EndProject
Project("{2150E333-8FDC-42A3-9474-1A3956D46DE8}") = "Network", "Network", "{6B206F79-2BE4-4B0F-8875-F28E395AF82B}"
EndProject
Project("{FAE04EC0-301F-11D3-BF4B-00C04F79EFBC}") = "NetworkConsole", "NetworkConsole\NetworkConsole.csproj", "{9FA9AE37-D579-4178-9A99-782889F3E46B}"
EndProject
Global
	GlobalSection(SolutionConfigurationPlatforms) = preSolution
		Debug|Any CPU = Debug|Any CPU
		Debug|Mixed Platforms = Debug|Mixed Platforms
		Debug|x64 = Debug|x64
		Debug|x86 = Debug|x86
		Release|Any CPU = Release|Any CPU
		Release|Mixed Platforms = Release|Mixed Platforms
		Release|x64 = Release|x64
		Release|x86 = Release|x86
	EndGlobalSection
	GlobalSection(ProjectConfigurationPlatforms) = postSolution
		{5608DDAE-D5E8-49D4-8D39-8AFAEC2BF6BC}.Debug|Any CPU.ActiveCfg = Debug|x86
		{5608DDAE-D5E8-49D4-8D39-8AFAEC2BF6BC}.Debug|Any CPU.Build.0 = Debug|x86
		{5608DDAE-D5E8-49D4-8D39-8AFAEC2BF6BC}.Debug|Mixed Platforms.ActiveCfg = Debug|x86
		{5608DDAE-D5E8-49D4-8D39-8AFAEC2BF6BC}.Debug|Mixed Platforms.Build.0 = Debug|x86
		{5608DDAE-D5E8-49D4-8D39-8AFAEC2BF6BC}.Debug|x64.ActiveCfg = Debug|x64
		{5608DDAE-D5E8-49D4-8D39-8AFAEC2BF6BC}.Debug|x64.Build.0 = Debug|x64
		{5608DDAE-D5E8-49D4-8D39-8AFAEC2BF6BC}.Debug|x86.ActiveCfg = Debug|x86
		{5608DDAE-D5E8-49D4-8D39-8AFAEC2BF6BC}.Debug|x86.Build.0 = Debug|x86
		{5608DDAE-D5E8-49D4-8D39-8AFAEC2BF6BC}.Release|Any CPU.ActiveCfg = Release|x86
		{5608DDAE-D5E8-49D4-8D39-8AFAEC2BF6BC}.Release|Any CPU.Build.0 = Release|x86
		{5608DDAE-D5E8-49D4-8D39-8AFAEC2BF6BC}.Release|Mixed Platforms.ActiveCfg = Release|x86
		{5608DDAE-D5E8-49D4-8D39-8AFAEC2BF6BC}.Release|Mixed Platforms.Build.0 = Release|x86
		{5608DDAE-D5E8-49D4-8D39-8AFAEC2BF6BC}.Release|x64.ActiveCfg = Release|x64
		{5608DDAE-D5E8-49D4-8D39-8AFAEC2BF6BC}.Release|x64.Build.0 = Release|x64
		{5608DDAE-D5E8-49D4-8D39-8AFAEC2BF6BC}.Release|x86.ActiveCfg = Release|x86
		{5608DDAE-D5E8-49D4-8D39-8AFAEC2BF6BC}.Release|x86.Build.0 = Release|x86
		{22C7563B-25E3-4A56-99D2-6EB844A1759A}.Debug|Any CPU.ActiveCfg = Debug|Any CPU
		{22C7563B-25E3-4A56-99D2-6EB844A1759A}.Debug|Any CPU.Build.0 = Debug|Any CPU
		{22C7563B-25E3-4A56-99D2-6EB844A1759A}.Debug|Mixed Platforms.ActiveCfg = Debug|Any CPU
		{22C7563B-25E3-4A56-99D2-6EB844A1759A}.Debug|Mixed Platforms.Build.0 = Debug|Any CPU
		{22C7563B-25E3-4A56-99D2-6EB844A1759A}.Debug|x64.ActiveCfg = Debug|Any CPU
		{22C7563B-25E3-4A56-99D2-6EB844A1759A}.Debug|x86.ActiveCfg = Debug|Any CPU
		{22C7563B-25E3-4A56-99D2-6EB844A1759A}.Release|Any CPU.ActiveCfg = Release|Any CPU
		{22C7563B-25E3-4A56-99D2-6EB844A1759A}.Release|Any CPU.Build.0 = Release|Any CPU
		{22C7563B-25E3-4A56-99D2-6EB844A1759A}.Release|Mixed Platforms.ActiveCfg = Release|Any CPU
		{22C7563B-25E3-4A56-99D2-6EB844A1759A}.Release|Mixed Platforms.Build.0 = Release|Any CPU
		{22C7563B-25E3-4A56-99D2-6EB844A1759A}.Release|x64.ActiveCfg = Release|Any CPU
		{22C7563B-25E3-4A56-99D2-6EB844A1759A}.Release|x86.ActiveCfg = Release|Any CPU
		{303E2CE2-C7B4-4765-B404-51F3D63891EC}.Debug|Any CPU.ActiveCfg = Debug|Any CPU
		{303E2CE2-C7B4-4765-B404-51F3D63891EC}.Debug|Any CPU.Build.0 = Debug|Any CPU
		{303E2CE2-C7B4-4765-B404-51F3D63891EC}.Debug|Mixed Platforms.ActiveCfg = Debug|Any CPU
		{303E2CE2-C7B4-4765-B404-51F3D63891EC}.Debug|Mixed Platforms.Build.0 = Debug|Any CPU
		{303E2CE2-C7B4-4765-B404-51F3D63891EC}.Debug|x64.ActiveCfg = Debug|Any CPU
		{303E2CE2-C7B4-4765-B404-51F3D63891EC}.Debug|x64.Build.0 = Debug|Any CPU
		{303E2CE2-C7B4-4765-B404-51F3D63891EC}.Debug|x86.ActiveCfg = Debug|Any CPU
		{303E2CE2-C7B4-4765-B404-51F3D63891EC}.Debug|x86.Build.0 = Debug|Any CPU
		{303E2CE2-C7B4-4765-B404-51F3D63891EC}.Release|Any CPU.ActiveCfg = Release|Any CPU
		{303E2CE2-C7B4-4765-B404-51F3D63891EC}.Release|Any CPU.Build.0 = Release|Any CPU
		{303E2CE2-C7B4-4765-B404-51F3D63891EC}.Release|Mixed Platforms.ActiveCfg = Release|Any CPU
		{303E2CE2-C7B4-4765-B404-51F3D63891EC}.Release|Mixed Platforms.Build.0 = Release|Any CPU
		{303E2CE2-C7B4-4765-B404-51F3D63891EC}.Release|x64.ActiveCfg = Release|Any CPU
		{303E2CE2-C7B4-4765-B404-51F3D63891EC}.Release|x64.Build.0 = Release|Any CPU
		{303E2CE2-C7B4-4765-B404-51F3D63891EC}.Release|x86.ActiveCfg = Release|Any CPU
		{303E2CE2-C7B4-4765-B404-51F3D63891EC}.Release|x86.Build.0 = Release|Any CPU
		{708E25B0-B379-499D-947E-35CA95E3B68A}.Debug|Any CPU.ActiveCfg = Debug|Any CPU
		{708E25B0-B379-499D-947E-35CA95E3B68A}.Debug|Any CPU.Build.0 = Debug|Any CPU
		{708E25B0-B379-499D-947E-35CA95E3B68A}.Debug|Mixed Platforms.ActiveCfg = Debug|Any CPU
		{708E25B0-B379-499D-947E-35CA95E3B68A}.Debug|Mixed Platforms.Build.0 = Debug|Any CPU
		{708E25B0-B379-499D-947E-35CA95E3B68A}.Debug|x64.ActiveCfg = Debug|Any CPU
		{708E25B0-B379-499D-947E-35CA95E3B68A}.Debug|x64.Build.0 = Debug|Any CPU
		{708E25B0-B379-499D-947E-35CA95E3B68A}.Debug|x86.ActiveCfg = Debug|Any CPU
		{708E25B0-B379-499D-947E-35CA95E3B68A}.Debug|x86.Build.0 = Debug|Any CPU
		{708E25B0-B379-499D-947E-35CA95E3B68A}.Release|Any CPU.ActiveCfg = Release|Any CPU
		{708E25B0-B379-499D-947E-35CA95E3B68A}.Release|Any CPU.Build.0 = Release|Any CPU
		{708E25B0-B379-499D-947E-35CA95E3B68A}.Release|Mixed Platforms.ActiveCfg = Release|Any CPU
		{708E25B0-B379-499D-947E-35CA95E3B68A}.Release|Mixed Platforms.Build.0 = Release|Any CPU
		{708E25B0-B379-499D-947E-35CA95E3B68A}.Release|x64.ActiveCfg = Release|Any CPU
		{708E25B0-B379-499D-947E-35CA95E3B68A}.Release|x64.Build.0 = Release|Any CPU
		{708E25B0-B379-499D-947E-35CA95E3B68A}.Release|x86.ActiveCfg = Release|Any CPU
		{708E25B0-B379-499D-947E-35CA95E3B68A}.Release|x86.Build.0 = Release|Any CPU
		{9FA9AE37-D579-4178-9A99-782889F3E46B}.Debug|Any CPU.ActiveCfg = Debug|Any CPU
		{9FA9AE37-D579-4178-9A99-782889F3E46B}.Debug|Any CPU.Build.0 = Debug|Any CPU
		{9FA9AE37-D579-4178-9A99-782889F3E46B}.Debug|Mixed Platforms.ActiveCfg = Debug|Any CPU
		{9FA9AE37-D579-4178-9A99-782889F3E46B}.Debug|Mixed Platforms.Build.0 = Debug|Any CPU
		{9FA9AE37-D579-4178-9A99-782889F3E46B}.Debug|x64.ActiveCfg = Debug|Any CPU
		{9FA9AE37-D579-4178-9A99-782889F3E46B}.Debug|x64.Build.0 = Debug|Any CPU
		{9FA9AE37-D579-4178-9A99-782889F3E46B}.Debug|x86.ActiveCfg = Debug|Any CPU
		{9FA9AE37-D579-4178-9A99-782889F3E46B}.Debug|x86.Build.0 = Debug|Any CPU
		{9FA9AE37-D579-4178-9A99-782889F3E46B}.Release|Any CPU.ActiveCfg = Release|Any CPU
		{9FA9AE37-D579-4178-9A99-782889F3E46B}.Release|Any CPU.Build.0 = Release|Any CPU
		{9FA9AE37-D579-4178-9A99-782889F3E46B}.Release|Mixed Platforms.ActiveCfg = Release|Any CPU
		{9FA9AE37-D579-4178-9A99-782889F3E46B}.Release|Mixed Platforms.Build.0 = Release|Any CPU
		{9FA9AE37-D579-4178-9A99-782889F3E46B}.Release|x64.ActiveCfg = Release|Any CPU
		{9FA9AE37-D579-4178-9A99-782889F3E46B}.Release|x64.Build.0 = Release|Any CPU
		{9FA9AE37-D579-4178-9A99-782889F3E46B}.Release|x86.ActiveCfg = Release|Any CPU
		{9FA9AE37-D579-4178-9A99-782889F3E46B}.Release|x86.Build.0 = Release|Any CPU
	EndGlobalSection
	GlobalSection(SolutionProperties) = preSolution
		HideSolutionNode = FALSE
	EndGlobalSection
	GlobalSection(NestedProjects) = preSolution
		{303E2CE2-C7B4-4765-B404-51F3D63891EC} = {853DF02B-B97C-4737-B7E1-C34A43DFDE42}
		{708E25B0-B379-499D-947E-35CA95E3B68A} = {853DF02B-B97C-4737-B7E1-C34A43DFDE42}
		{9FA9AE37-D579-4178-9A99-782889F3E46B} = {6B206F79-2BE4-4B0F-8875-F28E395AF82B}
	EndGlobalSection
EndGlobal
